// !$*UTF8*$!
{
	archiveVersion = 1;
	classes = {
	};
	objectVersion = 50;
	objects = {

/* Begin PBXBuildFile section */
		347FFDA12271CEB50052B50D /* ChatListViewCell.swift in Sources */ = {isa = PBXBuildFile; fileRef = 347FFD9A2271CEB40052B50D /* ChatListViewCell.swift */; };
		347FFDA22271CEB50052B50D /* YTChageEmotionStrTool.swift in Sources */ = {isa = PBXBuildFile; fileRef = 347FFD9B2271CEB40052B50D /* YTChageEmotionStrTool.swift */; };
		347FFDA32271CEB50052B50D /* YTChatCellFrame.swift in Sources */ = {isa = PBXBuildFile; fileRef = 347FFD9C2271CEB40052B50D /* YTChatCellFrame.swift */; };
		347FFDA42271CEB50052B50D /* YTChatDefines.swift in Sources */ = {isa = PBXBuildFile; fileRef = 347FFD9D2271CEB40052B50D /* YTChatDefines.swift */; };
		347FFDA52271CEB50052B50D /* YTChatMessage.swift in Sources */ = {isa = PBXBuildFile; fileRef = 347FFD9E2271CEB40052B50D /* YTChatMessage.swift */; };
		347FFDA62271CEB50052B50D /* YTChatMessageCell.swift in Sources */ = {isa = PBXBuildFile; fileRef = 347FFD9F2271CEB40052B50D /* YTChatMessageCell.swift */; };
		347FFDA72271CEB50052B50D /* YTTextAttachment.swift in Sources */ = {isa = PBXBuildFile; fileRef = 347FFDA02271CEB40052B50D /* YTTextAttachment.swift */; };
		34C141E62271492D00CC7105 /* AppDelegate.swift in Sources */ = {isa = PBXBuildFile; fileRef = 34C141E52271492D00CC7105 /* AppDelegate.swift */; };
		34C141E82271492D00CC7105 /* FirstViewController.swift in Sources */ = {isa = PBXBuildFile; fileRef = 34C141E72271492D00CC7105 /* FirstViewController.swift */; };
		34C141EA2271492D00CC7105 /* SecondViewController.swift in Sources */ = {isa = PBXBuildFile; fileRef = 34C141E92271492D00CC7105 /* SecondViewController.swift */; };
		34C141ED2271492E00CC7105 /* Main.storyboard in Resources */ = {isa = PBXBuildFile; fileRef = 34C141EB2271492E00CC7105 /* Main.storyboard */; };
		34C141EF2271494500CC7105 /* Assets.xcassets in Resources */ = {isa = PBXBuildFile; fileRef = 34C141EE2271494500CC7105 /* Assets.xcassets */; };
		34C141F22271494500CC7105 /* LaunchScreen.storyboard in Resources */ = {isa = PBXBuildFile; fileRef = 34C141F02271494500CC7105 /* LaunchScreen.storyboard */; };
		34C1420222714AD000CC7105 /* ChatDetailViewController.swift in Sources */ = {isa = PBXBuildFile; fileRef = 34C141FB22714AD000CC7105 /* ChatDetailViewController.swift */; };
		34C1420322714AD000CC7105 /* ChatViewController.swift in Sources */ = {isa = PBXBuildFile; fileRef = 34C141FC22714AD000CC7105 /* ChatViewController.swift */; };
		34C1421222714DED00CC7105 /* UIImage+Extension.swift in Sources */ = {isa = PBXBuildFile; fileRef = 34C1421022714DEC00CC7105 /* UIImage+Extension.swift */; };
		34C1421322714DED00CC7105 /* UIView+Extension.swift in Sources */ = {isa = PBXBuildFile; fileRef = 34C1421122714DEC00CC7105 /* UIView+Extension.swift */; };
/* End PBXBuildFile section */

/* Begin PBXFileReference section */
		347FFD9A2271CEB40052B50D /* ChatListViewCell.swift */ = {isa = PBXFileReference; fileEncoding = 4; lastKnownFileType = sourcecode.swift; path = ChatListViewCell.swift; sourceTree = "<group>"; };
		347FFD9B2271CEB40052B50D /* YTChageEmotionStrTool.swift */ = {isa = PBXFileReference; fileEncoding = 4; lastKnownFileType = sourcecode.swift; path = YTChageEmotionStrTool.swift; sourceTree = "<group>"; };
		347FFD9C2271CEB40052B50D /* YTChatCellFrame.swift */ = {isa = PBXFileReference; fileEncoding = 4; lastKnownFileType = sourcecode.swift; path = YTChatCellFrame.swift; sourceTree = "<group>"; };
		347FFD9D2271CEB40052B50D /* YTChatDefines.swift */ = {isa = PBXFileReference; fileEncoding = 4; lastKnownFileType = sourcecode.swift; path = YTChatDefines.swift; sourceTree = "<group>"; };
		347FFD9E2271CEB40052B50D /* YTChatMessage.swift */ = {isa = PBXFileReference; fileEncoding = 4; lastKnownFileType = sourcecode.swift; path = YTChatMessage.swift; sourceTree = "<group>"; };
		347FFD9F2271CEB40052B50D /* YTChatMessageCell.swift */ = {isa = PBXFileReference; fileEncoding = 4; lastKnownFileType = sourcecode.swift; path = YTChatMessageCell.swift; sourceTree = "<group>"; };
		347FFDA02271CEB40052B50D /* YTTextAttachment.swift */ = {isa = PBXFileReference; fileEncoding = 4; lastKnownFileType = sourcecode.swift; path = YTTextAttachment.swift; sourceTree = "<group>"; };
		34C141E22271492D00CC7105 /* Chat.app */ = {isa = PBXFileReference; explicitFileType = wrapper.application; includeInIndex = 0; path = Chat.app; sourceTree = BUILT_PRODUCTS_DIR; };
		34C141E52271492D00CC7105 /* AppDelegate.swift */ = {isa = PBXFileReference; lastKnownFileType = sourcecode.swift; path = AppDelegate.swift; sourceTree = "<group>"; };
		34C141E72271492D00CC7105 /* FirstViewController.swift */ = {isa = PBXFileReference; lastKnownFileType = sourcecode.swift; path = FirstViewController.swift; sourceTree = "<group>"; };
		34C141E92271492D00CC7105 /* SecondViewController.swift */ = {isa = PBXFileReference; lastKnownFileType = sourcecode.swift; path = SecondViewController.swift; sourceTree = "<group>"; };
		34C141EC2271492E00CC7105 /* Base */ = {isa = PBXFileReference; lastKnownFileType = file.storyboard; name = Base; path = Base.lproj/Main.storyboard; sourceTree = "<group>"; };
		34C141EE2271494500CC7105 /* Assets.xcassets */ = {isa = PBXFileReference; lastKnownFileType = folder.assetcatalog; path = Assets.xcassets; sourceTree = "<group>"; };
		34C141F12271494500CC7105 /* Base */ = {isa = PBXFileReference; lastKnownFileType = file.storyboard; name = Base; path = Base.lproj/LaunchScreen.storyboard; sourceTree = "<group>"; };
		34C141F32271494500CC7105 /* Info.plist */ = {isa = PBXFileReference; lastKnownFileType = text.plist.xml; path = Info.plist; sourceTree = "<group>"; };
		34C141FB22714AD000CC7105 /* ChatDetailViewController.swift */ = {isa = PBXFileReference; fileEncoding = 4; lastKnownFileType = sourcecode.swift; path = ChatDetailViewController.swift; sourceTree = "<group>"; };
		34C141FC22714AD000CC7105 /* ChatViewController.swift */ = {isa = PBXFileReference; fileEncoding = 4; lastKnownFileType = sourcecode.swift; path = ChatViewController.swift; sourceTree = "<group>"; };
		34C1421022714DEC00CC7105 /* UIImage+Extension.swift */ = {isa = PBXFileReference; fileEncoding = 4; lastKnownFileType = sourcecode.swift; path = "UIImage+Extension.swift"; sourceTree = "<group>"; };
		34C1421122714DEC00CC7105 /* UIView+Extension.swift */ = {isa = PBXFileReference; fileEncoding = 4; lastKnownFileType = sourcecode.swift; path = "UIView+Extension.swift"; sourceTree = "<group>"; };
/* End PBXFileReference section */

/* Begin PBXFrameworksBuildPhase section */
		34C141DF2271492D00CC7105 /* Frameworks */ = {
			isa = PBXFrameworksBuildPhase;
			buildActionMask = 2147483647;
			files = (
			);
			runOnlyForDeploymentPostprocessing = 0;
		};
/* End PBXFrameworksBuildPhase section */

/* Begin PBXGroup section */
		347FFD992271CEB40052B50D /* ChatViews */ = {
			isa = PBXGroup;
			children = (
				347FFD9A2271CEB40052B50D /* ChatListViewCell.swift */,
				347FFD9B2271CEB40052B50D /* YTChageEmotionStrTool.swift */,
				347FFD9C2271CEB40052B50D /* YTChatCellFrame.swift */,
				347FFD9D2271CEB40052B50D /* YTChatDefines.swift */,
				347FFD9E2271CEB40052B50D /* YTChatMessage.swift */,
				347FFD9F2271CEB40052B50D /* YTChatMessageCell.swift */,
				347FFDA02271CEB40052B50D /* YTTextAttachment.swift */,
			);
			name = ChatViews;
			path = Chat/chatView/ChatViews;
			sourceTree = SOURCE_ROOT;
		};
		34C141D92271492D00CC7105 = {
			isa = PBXGroup;
			children = (
				34C141E42271492D00CC7105 /* Chat */,
				34C141E32271492D00CC7105 /* Products */,
			);
			sourceTree = "<group>";
		};
		34C141E32271492D00CC7105 /* Products */ = {
			isa = PBXGroup;
			children = (
				34C141E22271492D00CC7105 /* Chat.app */,
			);
			name = Products;
			sourceTree = "<group>";
		};
		34C141E42271492D00CC7105 /* Chat */ = {
			isa = PBXGroup;
			children = (
				34C141F922714AD000CC7105 /* chatView */,
				34C141E52271492D00CC7105 /* AppDelegate.swift */,
				34C141E72271492D00CC7105 /* FirstViewController.swift */,
				34C141E92271492D00CC7105 /* SecondViewController.swift */,
				34C141EB2271492E00CC7105 /* Main.storyboard */,
				34C141EE2271494500CC7105 /* Assets.xcassets */,
				34C141F02271494500CC7105 /* LaunchScreen.storyboard */,
				34C141F32271494500CC7105 /* Info.plist */,
			);
			path = Chat;
			sourceTree = "<group>";
		};
		34C141F922714AD000CC7105 /* chatView */ = {
			isa = PBXGroup;
			children = (
				34C1420F22714DEC00CC7105 /* category */,
				34C141FA22714AD000CC7105 /* controllers */,
			);
			path = chatView;
			sourceTree = "<group>";
		};
		34C141FA22714AD000CC7105 /* controllers */ = {
			isa = PBXGroup;
			children = (
				34C141FB22714AD000CC7105 /* ChatDetailViewController.swift */,
				34C141FC22714AD000CC7105 /* ChatViewController.swift */,
				347FFD992271CEB40052B50D /* ChatViews */,
			);
			path = controllers;
			sourceTree = "<group>";
		};
		34C1420F22714DEC00CC7105 /* category */ = {
			isa = PBXGroup;
			children = (
				34C1421022714DEC00CC7105 /* UIImage+Extension.swift */,
				34C1421122714DEC00CC7105 /* UIView+Extension.swift */,
			);
			path = category;
			sourceTree = "<group>";
		};
/* End PBXGroup section */

/* Begin PBXNativeTarget section */
		34C141E12271492D00CC7105 /* Chat */ = {
			isa = PBXNativeTarget;
			buildConfigurationList = 34C141F62271494500CC7105 /* Build configuration list for PBXNativeTarget "Chat" */;
			buildPhases = (
				34C141DE2271492D00CC7105 /* Sources */,
				34C141DF2271492D00CC7105 /* Frameworks */,
				34C141E02271492D00CC7105 /* Resources */,
			);
			buildRules = (
			);
			dependencies = (
			);
			name = Chat;
			productName = Chat;
			productReference = 34C141E22271492D00CC7105 /* Chat.app */;
			productType = "com.apple.product-type.application";
		};
/* End PBXNativeTarget section */

/* Begin PBXProject section */
		34C141DA2271492D00CC7105 /* Project object */ = {
			isa = PBXProject;
			attributes = {
				LastSwiftUpdateCheck = 1010;
				LastUpgradeCheck = 1010;
				ORGANIZATIONNAME = yetao;
				TargetAttributes = {
					34C141E12271492D00CC7105 = {
						CreatedOnToolsVersion = 10.1;
					};
				};
			};
			buildConfigurationList = 34C141DD2271492D00CC7105 /* Build configuration list for PBXProject "Chat" */;
			compatibilityVersion = "Xcode 9.3";
			developmentRegion = en;
			hasScannedForEncodings = 0;
			knownRegions = (
				en,
				Base,
			);
			mainGroup = 34C141D92271492D00CC7105;
			productRefGroup = 34C141E32271492D00CC7105 /* Products */;
			projectDirPath = "";
			projectRoot = "";
			targets = (
				34C141E12271492D00CC7105 /* Chat */,
			);
		};
/* End PBXProject section */

/* Begin PBXResourcesBuildPhase section */
		34C141E02271492D00CC7105 /* Resources */ = {
			isa = PBXResourcesBuildPhase;
			buildActionMask = 2147483647;
			files = (
				34C141F22271494500CC7105 /* LaunchScreen.storyboard in Resources */,
				34C141EF2271494500CC7105 /* Assets.xcassets in Resources */,
				34C141ED2271492E00CC7105 /* Main.storyboard in Resources */,
			);
			runOnlyForDeploymentPostprocessing = 0;
		};
/* End PBXResourcesBuildPhase section */

/* Begin PBXSourcesBuildPhase section */
		34C141DE2271492D00CC7105 /* Sources */ = {
			isa = PBXSourcesBuildPhase;
			buildActionMask = 2147483647;
			files = (
				347FFDA52271CEB50052B50D /* YTChatMessage.swift in Sources */,
				347FFDA12271CEB50052B50D /* ChatListViewCell.swift in Sources */,
				347FFDA62271CEB50052B50D /* YTChatMessageCell.swift in Sources */,
				347FFDA42271CEB50052B50D /* YTChatDefines.swift in Sources */,
				34C1421222714DED00CC7105 /* UIImage+Extension.swift in Sources */,
				347FFDA22271CEB50052B50D /* YTChageEmotionStrTool.swift in Sources */,
				347FFDA72271CEB50052B50D /* YTTextAttachment.swift in Sources */,
				34C141EA2271492D00CC7105 /* SecondViewController.swift in Sources */,
				34C141E62271492D00CC7105 /* AppDelegate.swift in Sources */,
				34C1421322714DED00CC7105 /* UIView+Extension.swift in Sources */,
				347FFDA32271CEB50052B50D /* YTChatCellFrame.swift in Sources */,
				34C141E82271492D00CC7105 /* FirstViewController.swift in Sources */,
				34C1420322714AD000CC7105 /* ChatViewController.swift in Sources */,
				34C1420222714AD000CC7105 /* ChatDetailViewController.swift in Sources */,
			);
			runOnlyForDeploymentPostprocessing = 0;
		};
/* End PBXSourcesBuildPhase section */

/* Begin PBXVariantGroup section */
		34C141EB2271492E00CC7105 /* Main.storyboard */ = {
			isa = PBXVariantGroup;
			children = (
				34C141EC2271492E00CC7105 /* Base */,
			);
			name = Main.storyboard;
			sourceTree = "<group>";
		};
		34C141F02271494500CC7105 /* LaunchScreen.storyboard */ = {
			isa = PBXVariantGroup;
			children = (
				34C141F12271494500CC7105 /* Base */,
			);
			name = LaunchScreen.storyboard;
			sourceTree = "<group>";
		};
/* End PBXVariantGroup section */

/* Begin XCBuildConfiguration section */
		34C141F42271494500CC7105 /* Debug */ = {
			isa = XCBuildConfiguration;
			buildSettings = {
				ALWAYS_SEARCH_USER_PATHS = NO;
				CLANG_ANALYZER_NONNULL = YES;
				CLANG_ANALYZER_NUMBER_OBJECT_CONVERSION = YES_AGGRESSIVE;
				CLANG_CXX_LANGUAGE_STANDARD = "gnu++14";
				CLANG_CXX_LIBRARY = "libc++";
				CLANG_ENABLE_MODULES = YES;
				CLANG_ENABLE_OBJC_ARC = YES;
				CLANG_ENABLE_OBJC_WEAK = YES;
				CLANG_WARN_BLOCK_CAPTURE_AUTORELEASING = YES;
				CLANG_WARN_BOOL_CONVERSION = YES;
				CLANG_WARN_COMMA = YES;
				CLANG_WARN_CONSTANT_CONVERSION = YES;
				CLANG_WARN_DEPRECATED_OBJC_IMPLEMENTATIONS = YES;
				CLANG_WARN_DIRECT_OBJC_ISA_USAGE = YES_ERROR;
				CLANG_WARN_DOCUMENTATION_COMMENTS = YES;
				CLANG_WARN_EMPTY_BODY = YES;
				CLANG_WARN_ENUM_CONVERSION = YES;
				CLANG_WARN_INFINITE_RECURSION = YES;
				CLANG_WARN_INT_CONVERSION = YES;
				CLANG_WARN_NON_LITERAL_NULL_CONVERSION = YES;
				CLANG_WARN_OBJC_IMPLICIT_RETAIN_SELF = YES;
				CLANG_WARN_OBJC_LITERAL_CONVERSION = YES;
				CLANG_WARN_OBJC_ROOT_CLASS = YES_ERROR;
				CLANG_WARN_RANGE_LOOP_ANALYSIS = YES;
				CLANG_WARN_STRICT_PROTOTYPES = YES;
				CLANG_WARN_SUSPICIOUS_MOVE = YES;
				CLANG_WARN_UNGUARDED_AVAILABILITY = YES_AGGRESSIVE;
				CLANG_WARN_UNREACHABLE_CODE = YES;
				CLANG_WARN__DUPLICATE_METHOD_MATCH = YES;
				CODE_SIGN_IDENTITY = "iPhone Developer";
				COPY_PHASE_STRIP = NO;
				DEBUG_INFORMATION_FORMAT = dwarf;
				ENABLE_STRICT_OBJC_MSGSEND = YES;
				ENABLE_TESTABILITY = YES;
				GCC_C_LANGUAGE_STANDARD = gnu11;
				GCC_DYNAMIC_NO_PIC = NO;
				GCC_NO_COMMON_BLOCKS = YES;
				GCC_OPTIMIZATION_LEVEL = 0;
				GCC_PREPROCESSOR_DEFINITIONS = (
					"DEBUG=1",
					"$(inherited)",
				);
				GCC_WARN_64_TO_32_BIT_CONVERSION = YES;
				GCC_WARN_ABOUT_RETURN_TYPE = YES_ERROR;
				GCC_WARN_UNDECLARED_SELECTOR = YES;
				GCC_WARN_UNINITIALIZED_AUTOS = YES_AGGRESSIVE;
				GCC_WARN_UNUSED_FUNCTION = YES;
				GCC_WARN_UNUSED_VARIABLE = YES;
				IPHONEOS_DEPLOYMENT_TARGET = 12.1;
				MTL_ENABLE_DEBUG_INFO = INCLUDE_SOURCE;
				MTL_FAST_MATH = YES;
				ONLY_ACTIVE_ARCH = YES;
				SDKROOT = iphoneos;
				SWIFT_ACTIVE_COMPILATION_CONDITIONS = DEBUG;
				SWIFT_OPTIMIZATION_LEVEL = "-Onone";
			};
			name = Debug;
		};
		34C141F52271494500CC7105 /* Release */ = {
			isa = XCBuildConfiguration;
			buildSettings = {
				ALWAYS_SEARCH_USER_PATHS = NO;
				CLANG_ANALYZER_NONNULL = YES;
				CLANG_ANALYZER_NUMBER_OBJECT_CONVERSION = YES_AGGRESSIVE;
				CLANG_CXX_LANGUAGE_STANDARD = "gnu++14";
				CLANG_CXX_LIBRARY = "libc++";
				CLANG_ENABLE_MODULES = YES;
				CLANG_ENABLE_OBJC_ARC = YES;
				CLANG_ENABLE_OBJC_WEAK = YES;
				CLANG_WARN_BLOCK_CAPTURE_AUTORELEASING = YES;
				CLANG_WARN_BOOL_CONVERSION = YES;
				CLANG_WARN_COMMA = YES;
				CLANG_WARN_CONSTANT_CONVERSION = YES;
				CLANG_WARN_DEPRECATED_OBJC_IMPLEMENTATIONS = YES;
				CLANG_WARN_DIRECT_OBJC_ISA_USAGE = YES_ERROR;
				CLANG_WARN_DOCUMENTATION_COMMENTS = YES;
				CLANG_WARN_EMPTY_BODY = YES;
				CLANG_WARN_ENUM_CONVERSION = YES;
				CLANG_WARN_INFINITE_RECURSION = YES;
				CLANG_WARN_INT_CONVERSION = YES;
				CLANG_WARN_NON_LITERAL_NULL_CONVERSION = YES;
				CLANG_WARN_OBJC_IMPLICIT_RETAIN_SELF = YES;
				CLANG_WARN_OBJC_LITERAL_CONVERSION = YES;
				CLANG_WARN_OBJC_ROOT_CLASS = YES_ERROR;
				CLANG_WARN_RANGE_LOOP_ANALYSIS = YES;
				CLANG_WARN_STRICT_PROTOTYPES = YES;
				CLANG_WARN_SUSPICIOUS_MOVE = YES;
				CLANG_WARN_UNGUARDED_AVAILABILITY = YES_AGGRESSIVE;
				CLANG_WARN_UNREACHABLE_CODE = YES;
				CLANG_WARN__DUPLICATE_METHOD_MATCH = YES;
				CODE_SIGN_IDENTITY = "iPhone Developer";
				COPY_PHASE_STRIP = NO;
				DEBUG_INFORMATION_FORMAT = "dwarf-with-dsym";
				ENABLE_NS_ASSERTIONS = NO;
				ENABLE_STRICT_OBJC_MSGSEND = YES;
				GCC_C_LANGUAGE_STANDARD = gnu11;
				GCC_NO_COMMON_BLOCKS = YES;
				GCC_WARN_64_TO_32_BIT_CONVERSION = YES;
				GCC_WARN_ABOUT_RETURN_TYPE = YES_ERROR;
				GCC_WARN_UNDECLARED_SELECTOR = YES;
				GCC_WARN_UNINITIALIZED_AUTOS = YES_AGGRESSIVE;
				GCC_WARN_UNUSED_FUNCTION = YES;
				GCC_WARN_UNUSED_VARIABLE = YES;
				IPHONEOS_DEPLOYMENT_TARGET = 12.1;
				MTL_ENABLE_DEBUG_INFO = NO;
				MTL_FAST_MATH = YES;
				SDKROOT = iphoneos;
				SWIFT_COMPILATION_MODE = wholemodule;
				SWIFT_OPTIMIZATION_LEVEL = "-O";
				VALIDATE_PRODUCT = YES;
			};
			name = Release;
		};
		34C141F72271494500CC7105 /* Debug */ = {
			isa = XCBuildConfiguration;
			buildSettings = {
				ASSETCATALOG_COMPILER_APPICON_NAME = AppIcon;
				CODE_SIGN_STYLE = Automatic;
				INFOPLIST_FILE = Chat/Info.plist;
				LD_RUNPATH_SEARCH_PATHS = (
					"$(inherited)",
					"@executable_path/Frameworks",
				);
				PRODUCT_BUNDLE_IDENTIFIER = Foxconn.Chat;
				PRODUCT_NAME = "$(TARGET_NAME)";
				SWIFT_VERSION = 4.2;
				TARGETED_DEVICE_FAMILY = "1,2";
			};
			name = Debug;
		};
		34C141F82271494500CC7105 /* Release */ = {
			isa = XCBuildConfiguration;
			buildSettings = {
				ASSETCATALOG_COMPILER_APPICON_NAME = AppIcon;
				CODE_SIGN_STYLE = Automatic;
				INFOPLIST_FILE = Chat/Info.plist;
				LD_RUNPATH_SEARCH_PATHS = (
					"$(inherited)",
					"@executable_path/Frameworks",
				);
				PRODUCT_BUNDLE_IDENTIFIER = Foxconn.Chat;
				PRODUCT_NAME = "$(TARGET_NAME)";
				SWIFT_VERSION = 4.2;
				TARGETED_DEVICE_FAMILY = "1,2";
			};
			name = Release;
		};
/* End XCBuildConfiguration section */

/* Begin XCConfigurationList section */
		34C141DD2271492D00CC7105 /* Build configuration list for PBXProject "Chat" */ = {
			isa = XCConfigurationList;
			buildConfigurations = (
				34C141F42271494500CC7105 /* Debug */,
				34C141F52271494500CC7105 /* Release */,
			);
			defaultConfigurationIsVisible = 0;
			defaultConfigurationName = Release;
		};
		34C141F62271494500CC7105 /* Build configuration list for PBXNativeTarget "Chat" */ = {
			isa = XCConfigurationList;
			buildConfigurations = (
				34C141F72271494500CC7105 /* Debug */,
				34C141F82271494500CC7105 /* Release */,
			);
			defaultConfigurationIsVisible = 0;
			defaultConfigurationName = Release;
		};
/* End XCConfigurationList section */
	};
	rootObject = 34C141DA2271492D00CC7105 /* Project object */;
}
